
Microsoft Visual Studio Solution File, Format Version 12.00
# Visual Studio Version 16
VisualStudioVersion = 16.0.32002.261
MinimumVisualStudioVersion = 10.0.40219.1
Project("{FAE04EC0-301F-11D3-BF4B-00C04F79EFBC}") = "Agenciadeviagem", "Agenciadeviagem\Agenciadeviagem.csproj", "{EC057A4D-956A-49A2-A0DF-09D071665F6D}"
EndProject
Global
	GlobalSection(SolutionConfigurationPlatforms) = preSolution
		Debug|Any CPU = Debug|Any CPU
		Release|Any CPU = Release|Any CPU
	EndGlobalSection
	GlobalSection(ProjectConfigurationPlatforms) = postSolution
		{EC057A4D-956A-49A2-A0DF-09D071665F6D}.Debug|Any CPU.ActiveCfg = Debug|Any CPU
		{EC057A4D-956A-49A2-A0DF-09D071665F6D}.Debug|Any CPU.Build.0 = Debug|Any CPU
		{EC057A4D-956A-49A2-A0DF-09D071665F6D}.Release|Any CPU.ActiveCfg = Release|Any CPU
		{EC057A4D-956A-49A2-A0DF-09D071665F6D}.Release|Any CPU.Build.0 = Release|Any CPU
	EndGlobalSection
	GlobalSection(SolutionProperties) = preSolution
		HideSolutionNode = FALSE
	EndGlobalSection
	GlobalSection(ExtensibilityGlobals) = postSolution
		SolutionGuid = {F43FFB02-2C0F-45FA-9931-2DC97FDA3DA0}
	EndGlobalSection
EndGlobal
